# This file is autogenerated, do not edit; changes may be undone by the next 'dep ensure'.


[[projects]]
  branch = "master"
  name = "github.com/amsokol/go-errors"
  packages = ["."]
  revision = "175fdce19625b06b23b296fced401225dfa7f245"

[solve-meta]
  analyzer-name = "dep"
  analyzer-version = 1
  inputs-digest = "0158a0c4c1332821b39d25bbd247b9dca84f80e888cdd0ce0429c90fd2cd18ee"
  solver-name = "gps-cdcl"
  solver-version = 1
